PODS:
  - Alamofire (4.7.3)
  - SwiftySettings (1.0.0)
  - SwiftyUserDefaults (3.0.1)

DEPENDENCIES:
  - Alamofire
  - SwiftySettings (from `https://github.com/128keaton/SwiftySettings`)
  - SwiftyUserDefaults

SPEC REPOS:
  https://github.com/cocoapods/specs.git:
    - Alamofire
    - SwiftyUserDefaults

EXTERNAL SOURCES:
  SwiftySettings:
    :git: https://github.com/128keaton/SwiftySettings

CHECKOUT OPTIONS:
  SwiftySettings:
    :commit: 512d706886500fc10f5fb816cb7caadc08cfca41
    :git: https://github.com/128keaton/SwiftySettings

SPEC CHECKSUMS:
  Alamofire: c7287b6e5d7da964a70935e5db17046b7fde6568
  SwiftySettings: 61a25e24da20370f7e0bc7632cb1fc97553e8cd2
  SwiftyUserDefaults: 3d273b1739b68ada3145dc754a70ec775bc5c8be

PODFILE CHECKSUM: bc247c809e8f8b69bae21c32e7ec4e765b316737

COCOAPODS: 1.5.3
