// !$*UTF8*$!
{
	archiveVersion = 1;
	classes = {
	};
	objectVersion = 51;
	objects = {

/* Begin PBXBuildFile section */
		4BCD214DDFB32B37F273BB9E /* Pods_WebPunch.framework in Frameworks */ = {isa = PBXBuildFile; fileRef = B645E07477904BB460E0BECC /* Pods_WebPunch.framework */; };
		611F4AF570259101C03D1045 /* Pods_PunchIntent.framework in Frameworks */ = {isa = PBXBuildFile; fileRef = 1927C728EA9CA1298DB76A2E /* Pods_PunchIntent.framework */; };
		812192FC9CCC93874729393A /* Pods_PunchIntentUI.framework in Frameworks */ = {isa = PBXBuildFile; fileRef = A0B0876A41FA65F9CAE712A0 /* Pods_PunchIntentUI.framework */; };
		8AA841D522680426009C5948 /* VPN.swift in Sources */ = {isa = PBXBuildFile; fileRef = 8AA841D422680426009C5948 /* VPN.swift */; };
		8AA841D7226805B4009C5948 /* KeychainService.swift in Sources */ = {isa = PBXBuildFile; fileRef = 8AA841D6226805B4009C5948 /* KeychainService.swift */; };
		8AA841D922681638009C5948 /* PunchHistoryViewController.swift in Sources */ = {isa = PBXBuildFile; fileRef = 8AA841D822681638009C5948 /* PunchHistoryViewController.swift */; };
		8AA841DB22681945009C5948 /* CloudKit.framework in Frameworks */ = {isa = PBXBuildFile; fileRef = 8AA841DA22681945009C5948 /* CloudKit.framework */; };
		8AA841DD2268195B009C5948 /* Punch.swift in Sources */ = {isa = PBXBuildFile; fileRef = 8AA841DC2268195B009C5948 /* Punch.swift */; };
		8AA841DF22681AA7009C5948 /* UserInfo.swift in Sources */ = {isa = PBXBuildFile; fileRef = 8AA841DE22681AA7009C5948 /* UserInfo.swift */; };
		8AA841E122681ADE009C5948 /* PunchModel.swift in Sources */ = {isa = PBXBuildFile; fileRef = 8AA841E022681ADE009C5948 /* PunchModel.swift */; };
		8AA841E322681BB6009C5948 /* PunchType.swift in Sources */ = {isa = PBXBuildFile; fileRef = 8AA841E222681BB6009C5948 /* PunchType.swift */; };
		8AA841E6226827D6009C5948 /* PunchCell.swift in Sources */ = {isa = PBXBuildFile; fileRef = 8AA841E5226827D6009C5948 /* PunchCell.swift */; };
		8AA841E822682E57009C5948 /* Week.swift in Sources */ = {isa = PBXBuildFile; fileRef = 8AA841E722682E57009C5948 /* Week.swift */; };
		8AA841EE22684888009C5948 /* NetworkExtension.framework in Frameworks */ = {isa = PBXBuildFile; fileRef = 8AA841ED22684888009C5948 /* NetworkExtension.framework */; };
		8ACB32162151CD940082FDA6 /* AppDelegate.swift in Sources */ = {isa = PBXBuildFile; fileRef = 8ACB32152151CD940082FDA6 /* AppDelegate.swift */; };
		8ACB32182151CD940082FDA6 /* ViewController.swift in Sources */ = {isa = PBXBuildFile; fileRef = 8ACB32172151CD940082FDA6 /* ViewController.swift */; };
		8ACB321B2151CD940082FDA6 /* Main.storyboard in Resources */ = {isa = PBXBuildFile; fileRef = 8ACB32192151CD940082FDA6 /* Main.storyboard */; };
		8ACB321D2151CD950082FDA6 /* Assets.xcassets in Resources */ = {isa = PBXBuildFile; fileRef = 8ACB321C2151CD950082FDA6 /* Assets.xcassets */; };
		8ACB32202151CD950082FDA6 /* LaunchScreen.storyboard in Resources */ = {isa = PBXBuildFile; fileRef = 8ACB321E2151CD950082FDA6 /* LaunchScreen.storyboard */; };
		8ACB32282151D04A0082FDA6 /* PunchInterface.swift in Sources */ = {isa = PBXBuildFile; fileRef = 8ACB32272151D04A0082FDA6 /* PunchInterface.swift */; };
		8ACB322A2151DAC80082FDA6 /* SettingsController.swift in Sources */ = {isa = PBXBuildFile; fileRef = 8ACB32292151DAC80082FDA6 /* SettingsController.swift */; };
		8ACB3233215212EE0082FDA6 /* IntentHandler.swift in Sources */ = {isa = PBXBuildFile; fileRef = 8ACB3232215212EE0082FDA6 /* IntentHandler.swift */; };
		8ACB323B215212EE0082FDA6 /* IntentsUI.framework in Frameworks */ = {isa = PBXBuildFile; fileRef = 8ACB323A215212EE0082FDA6 /* IntentsUI.framework */; };
		8ACB323E215212EE0082FDA6 /* IntentViewController.swift in Sources */ = {isa = PBXBuildFile; fileRef = 8ACB323D215212EE0082FDA6 /* IntentViewController.swift */; };
		8ACB3241215212EE0082FDA6 /* MainInterface.storyboard in Resources */ = {isa = PBXBuildFile; fileRef = 8ACB323F215212EE0082FDA6 /* MainInterface.storyboard */; };
		8ACB3245215212EE0082FDA6 /* PunchIntentUI.appex in Embed App Extensions */ = {isa = PBXBuildFile; fileRef = 8ACB3239215212EE0082FDA6 /* PunchIntentUI.appex */; settings = {ATTRIBUTES = (RemoveHeadersOnCopy, ); }; };
		8ACB3248215212EE0082FDA6 /* PunchIntent.appex in Embed App Extensions */ = {isa = PBXBuildFile; fileRef = 8ACB3230215212EE0082FDA6 /* PunchIntent.appex */; settings = {ATTRIBUTES = (RemoveHeadersOnCopy, ); }; };
		8ACB3251215213040082FDA6 /* Intents.intentdefinition in Sources */ = {isa = PBXBuildFile; fileRef = 8ACB3250215213040082FDA6 /* Intents.intentdefinition */; };
		8ACB3252215213040082FDA6 /* Intents.intentdefinition in Sources */ = {isa = PBXBuildFile; fileRef = 8ACB3250215213040082FDA6 /* Intents.intentdefinition */; };
		8ACB3253215213040082FDA6 /* Intents.intentdefinition in Sources */ = {isa = PBXBuildFile; fileRef = 8ACB3250215213040082FDA6 /* Intents.intentdefinition */; };
/* End PBXBuildFile section */

/* Begin PBXContainerItemProxy section */
		8ACB3243215212EE0082FDA6 /* PBXContainerItemProxy */ = {
			isa = PBXContainerItemProxy;
			containerPortal = 8ACB320A2151CD940082FDA6 /* Project object */;
			proxyType = 1;
			remoteGlobalIDString = 8ACB3238215212EE0082FDA6;
			remoteInfo = PunchIntentUI;
		};
		8ACB3246215212EE0082FDA6 /* PBXContainerItemProxy */ = {
			isa = PBXContainerItemProxy;
			containerPortal = 8ACB320A2151CD940082FDA6 /* Project object */;
			proxyType = 1;
			remoteGlobalIDString = 8ACB322F215212EE0082FDA6;
			remoteInfo = PunchIntent;
		};
/* End PBXContainerItemProxy section */

/* Begin PBXCopyFilesBuildPhase section */
		8ACB324F215212EE0082FDA6 /* Embed App Extensions */ = {
			isa = PBXCopyFilesBuildPhase;
			buildActionMask = 2147483647;
			dstPath = "";
			dstSubfolderSpec = 13;
			files = (
				8ACB3245215212EE0082FDA6 /* PunchIntentUI.appex in Embed App Extensions */,
				8ACB3248215212EE0082FDA6 /* PunchIntent.appex in Embed App Extensions */,
			);
			name = "Embed App Extensions";
			runOnlyForDeploymentPostprocessing = 0;
		};
/* End PBXCopyFilesBuildPhase section */

/* Begin PBXFileReference section */
		1927C728EA9CA1298DB76A2E /* Pods_PunchIntent.framework */ = {isa = PBXFileReference; explicitFileType = wrapper.framework; includeInIndex = 0; path = Pods_PunchIntent.framework; sourceTree = BUILT_PRODUCTS_DIR; };
		42E178DE1C2A4AF7653F1056 /* Pods-PunchIntentUI.release.xcconfig */ = {isa = PBXFileReference; includeInIndex = 1; lastKnownFileType = text.xcconfig; name = "Pods-PunchIntentUI.release.xcconfig"; path = "Target Support Files/Pods-PunchIntentUI/Pods-PunchIntentUI.release.xcconfig"; sourceTree = "<group>"; };
		48EFDCB2BCBDE16643EC042F /* Pods-PunchIntent.debug.xcconfig */ = {isa = PBXFileReference; includeInIndex = 1; lastKnownFileType = text.xcconfig; name = "Pods-PunchIntent.debug.xcconfig"; path = "Target Support Files/Pods-PunchIntent/Pods-PunchIntent.debug.xcconfig"; sourceTree = "<group>"; };
		664851CE2B1E50DD2DFB607E /* Pods-PunchIntentUI.debug.xcconfig */ = {isa = PBXFileReference; includeInIndex = 1; lastKnownFileType = text.xcconfig; name = "Pods-PunchIntentUI.debug.xcconfig"; path = "Target Support Files/Pods-PunchIntentUI/Pods-PunchIntentUI.debug.xcconfig"; sourceTree = "<group>"; };
		824687B4ECADED47C288BA9B /* Pods-WebPunch.release.xcconfig */ = {isa = PBXFileReference; includeInIndex = 1; lastKnownFileType = text.xcconfig; name = "Pods-WebPunch.release.xcconfig"; path = "Target Support Files/Pods-WebPunch/Pods-WebPunch.release.xcconfig"; sourceTree = "<group>"; };
		83F9DDD3092B6ED994E4A263 /* Pods-WebPunch.debug.xcconfig */ = {isa = PBXFileReference; includeInIndex = 1; lastKnownFileType = text.xcconfig; name = "Pods-WebPunch.debug.xcconfig"; path = "Target Support Files/Pods-WebPunch/Pods-WebPunch.debug.xcconfig"; sourceTree = "<group>"; };
		8AA841D422680426009C5948 /* VPN.swift */ = {isa = PBXFileReference; lastKnownFileType = sourcecode.swift; path = VPN.swift; sourceTree = "<group>"; };
		8AA841D6226805B4009C5948 /* KeychainService.swift */ = {isa = PBXFileReference; lastKnownFileType = sourcecode.swift; path = KeychainService.swift; sourceTree = "<group>"; };
		8AA841D822681638009C5948 /* PunchHistoryViewController.swift */ = {isa = PBXFileReference; lastKnownFileType = sourcecode.swift; path = PunchHistoryViewController.swift; sourceTree = "<group>"; };
		8AA841DA22681945009C5948 /* CloudKit.framework */ = {isa = PBXFileReference; lastKnownFileType = wrapper.framework; name = CloudKit.framework; path = System/Library/Frameworks/CloudKit.framework; sourceTree = SDKROOT; };
		8AA841DC2268195B009C5948 /* Punch.swift */ = {isa = PBXFileReference; lastKnownFileType = sourcecode.swift; path = Punch.swift; sourceTree = "<group>"; };
		8AA841DE22681AA7009C5948 /* UserInfo.swift */ = {isa = PBXFileReference; lastKnownFileType = sourcecode.swift; path = UserInfo.swift; sourceTree = "<group>"; };
		8AA841E022681ADE009C5948 /* PunchModel.swift */ = {isa = PBXFileReference; lastKnownFileType = sourcecode.swift; path = PunchModel.swift; sourceTree = "<group>"; };
		8AA841E222681BB6009C5948 /* PunchType.swift */ = {isa = PBXFileReference; lastKnownFileType = sourcecode.swift; path = PunchType.swift; sourceTree = "<group>"; };
		8AA841E5226827D6009C5948 /* PunchCell.swift */ = {isa = PBXFileReference; lastKnownFileType = sourcecode.swift; path = PunchCell.swift; sourceTree = "<group>"; };
		8AA841E722682E57009C5948 /* Week.swift */ = {isa = PBXFileReference; lastKnownFileType = sourcecode.swift; path = Week.swift; sourceTree = "<group>"; };
		8AA841ED22684888009C5948 /* NetworkExtension.framework */ = {isa = PBXFileReference; lastKnownFileType = wrapper.framework; name = NetworkExtension.framework; path = System/Library/Frameworks/NetworkExtension.framework; sourceTree = SDKROOT; };
		8ACB32122151CD940082FDA6 /* WebPunch.app */ = {isa = PBXFileReference; explicitFileType = wrapper.application; includeInIndex = 0; path = WebPunch.app; sourceTree = BUILT_PRODUCTS_DIR; };
		8ACB32152151CD940082FDA6 /* AppDelegate.swift */ = {isa = PBXFileReference; lastKnownFileType = sourcecode.swift; path = AppDelegate.swift; sourceTree = "<group>"; };
		8ACB32172151CD940082FDA6 /* ViewController.swift */ = {isa = PBXFileReference; lastKnownFileType = sourcecode.swift; path = ViewController.swift; sourceTree = "<group>"; };
		8ACB321A2151CD940082FDA6 /* Base */ = {isa = PBXFileReference; lastKnownFileType = file.storyboard; name = Base; path = Base.lproj/Main.storyboard; sourceTree = "<group>"; };
		8ACB321C2151CD950082FDA6 /* Assets.xcassets */ = {isa = PBXFileReference; lastKnownFileType = folder.assetcatalog; path = Assets.xcassets; sourceTree = "<group>"; };
		8ACB321F2151CD950082FDA6 /* Base */ = {isa = PBXFileReference; lastKnownFileType = file.storyboard; name = Base; path = Base.lproj/LaunchScreen.storyboard; sourceTree = "<group>"; };
		8ACB32212151CD950082FDA6 /* Info.plist */ = {isa = PBXFileReference; lastKnownFileType = text.plist.xml; path = Info.plist; sourceTree = "<group>"; };
		8ACB32272151D04A0082FDA6 /* PunchInterface.swift */ = {isa = PBXFileReference; lastKnownFileType = sourcecode.swift; path = PunchInterface.swift; sourceTree = "<group>"; };
		8ACB32292151DAC80082FDA6 /* SettingsController.swift */ = {isa = PBXFileReference; lastKnownFileType = sourcecode.swift; path = SettingsController.swift; sourceTree = "<group>"; };
		8ACB322B2151DB520082FDA6 /* WebPunch.entitlements */ = {isa = PBXFileReference; lastKnownFileType = text.plist.entitlements; path = WebPunch.entitlements; sourceTree = "<group>"; };
		8ACB3230215212EE0082FDA6 /* PunchIntent.appex */ = {isa = PBXFileReference; explicitFileType = "wrapper.app-extension"; includeInIndex = 0; path = PunchIntent.appex; sourceTree = BUILT_PRODUCTS_DIR; };
		8ACB3232215212EE0082FDA6 /* IntentHandler.swift */ = {isa = PBXFileReference; lastKnownFileType = sourcecode.swift; path = IntentHandler.swift; sourceTree = "<group>"; };
		8ACB3234215212EE0082FDA6 /* Info.plist */ = {isa = PBXFileReference; lastKnownFileType = text.plist.xml; path = Info.plist; sourceTree = "<group>"; };
		8ACB3239215212EE0082FDA6 /* PunchIntentUI.appex */ = {isa = PBXFileReference; explicitFileType = "wrapper.app-extension"; includeInIndex = 0; path = PunchIntentUI.appex; sourceTree = BUILT_PRODUCTS_DIR; };
		8ACB323A215212EE0082FDA6 /* IntentsUI.framework */ = {isa = PBXFileReference; lastKnownFileType = wrapper.framework; name = IntentsUI.framework; path = System/Library/Frameworks/IntentsUI.framework; sourceTree = SDKROOT; };
		8ACB323D215212EE0082FDA6 /* IntentViewController.swift */ = {isa = PBXFileReference; lastKnownFileType = sourcecode.swift; path = IntentViewController.swift; sourceTree = "<group>"; };
		8ACB3240215212EE0082FDA6 /* Base */ = {isa = PBXFileReference; lastKnownFileType = file.storyboard; name = Base; path = Base.lproj/MainInterface.storyboard; sourceTree = "<group>"; };
		8ACB3242215212EE0082FDA6 /* Info.plist */ = {isa = PBXFileReference; lastKnownFileType = text.plist.xml; path = Info.plist; sourceTree = "<group>"; };
		8ACB3250215213040082FDA6 /* Intents.intentdefinition */ = {isa = PBXFileReference; lastKnownFileType = file.intentdefinition; path = Intents.intentdefinition; sourceTree = "<group>"; };
		8ACB3256215219300082FDA6 /* PunchIntent.entitlements */ = {isa = PBXFileReference; lastKnownFileType = text.plist.entitlements; path = PunchIntent.entitlements; sourceTree = "<group>"; };
		8ACB3257215219360082FDA6 /* PunchIntentUI.entitlements */ = {isa = PBXFileReference; lastKnownFileType = text.plist.entitlements; path = PunchIntentUI.entitlements; sourceTree = "<group>"; };
		A0B0876A41FA65F9CAE712A0 /* Pods_PunchIntentUI.framework */ = {isa = PBXFileReference; explicitFileType = wrapper.framework; includeInIndex = 0; path = Pods_PunchIntentUI.framework; sourceTree = BUILT_PRODUCTS_DIR; };
		B645E07477904BB460E0BECC /* Pods_WebPunch.framework */ = {isa = PBXFileReference; explicitFileType = wrapper.framework; includeInIndex = 0; path = Pods_WebPunch.framework; sourceTree = BUILT_PRODUCTS_DIR; };
		F26CF95FF25BAB2DAFEB1019 /* Pods-PunchIntent.release.xcconfig */ = {isa = PBXFileReference; includeInIndex = 1; lastKnownFileType = text.xcconfig; name = "Pods-PunchIntent.release.xcconfig"; path = "Target Support Files/Pods-PunchIntent/Pods-PunchIntent.release.xcconfig"; sourceTree = "<group>"; };
/* End PBXFileReference section */

/* Begin PBXFrameworksBuildPhase section */
		8ACB320F2151CD940082FDA6 /* Frameworks */ = {
			isa = PBXFrameworksBuildPhase;
			buildActionMask = 2147483647;
			files = (
				8AA841DB22681945009C5948 /* CloudKit.framework in Frameworks */,
				8AA841EE22684888009C5948 /* NetworkExtension.framework in Frameworks */,
				4BCD214DDFB32B37F273BB9E /* Pods_WebPunch.framework in Frameworks */,
			);
			runOnlyForDeploymentPostprocessing = 0;
		};
		8ACB322D215212EE0082FDA6 /* Frameworks */ = {
			isa = PBXFrameworksBuildPhase;
			buildActionMask = 2147483647;
			files = (
				611F4AF570259101C03D1045 /* Pods_PunchIntent.framework in Frameworks */,
			);
			runOnlyForDeploymentPostprocessing = 0;
		};
		8ACB3236215212EE0082FDA6 /* Frameworks */ = {
			isa = PBXFrameworksBuildPhase;
			buildActionMask = 2147483647;
			files = (
				8ACB323B215212EE0082FDA6 /* IntentsUI.framework in Frameworks */,
				812192FC9CCC93874729393A /* Pods_PunchIntentUI.framework in Frameworks */,
			);
			runOnlyForDeploymentPostprocessing = 0;
		};
/* End PBXFrameworksBuildPhase section */

/* Begin PBXGroup section */
		4B35DC84D0935C2791D89FFF /* Frameworks */ = {
			isa = PBXGroup;
			children = (
				8AA841ED22684888009C5948 /* NetworkExtension.framework */,
				8AA841DA22681945009C5948 /* CloudKit.framework */,
				8ACB323A215212EE0082FDA6 /* IntentsUI.framework */,
				1927C728EA9CA1298DB76A2E /* Pods_PunchIntent.framework */,
				A0B0876A41FA65F9CAE712A0 /* Pods_PunchIntentUI.framework */,
				B645E07477904BB460E0BECC /* Pods_WebPunch.framework */,
			);
			name = Frameworks;
			sourceTree = "<group>";
		};
		8AA841E422681DFA009C5948 /* Models */ = {
			isa = PBXGroup;
			children = (
				8AA841F022684AB6009C5948 /* Punch */,
				8AA841DE22681AA7009C5948 /* UserInfo.swift */,
				8AA841E722682E57009C5948 /* Week.swift */,
			);
			path = Models;
			sourceTree = "<group>";
		};
		8AA841EF22684A98009C5948 /* View Controllers */ = {
			isa = PBXGroup;
			children = (
				8ACB32172151CD940082FDA6 /* ViewController.swift */,
				8ACB32292151DAC80082FDA6 /* SettingsController.swift */,
				8AA841D822681638009C5948 /* PunchHistoryViewController.swift */,
			);
			path = "View Controllers";
			sourceTree = "<group>";
		};
		8AA841F022684AB6009C5948 /* Punch */ = {
			isa = PBXGroup;
			children = (
				8ACB32272151D04A0082FDA6 /* PunchInterface.swift */,
				8AA841DC2268195B009C5948 /* Punch.swift */,
				8AA841E222681BB6009C5948 /* PunchType.swift */,
				8AA841E022681ADE009C5948 /* PunchModel.swift */,
			);
			path = Punch;
			sourceTree = "<group>";
		};
		8AA841F122684AC1009C5948 /* Services */ = {
			isa = PBXGroup;
			children = (
				8AA841D422680426009C5948 /* VPN.swift */,
				8AA841D6226805B4009C5948 /* KeychainService.swift */,
			);
			path = Services;
			sourceTree = "<group>";
		};
		8AA841F222684AD1009C5948 /* Views */ = {
			isa = PBXGroup;
			children = (
				8AA841E5226827D6009C5948 /* PunchCell.swift */,
			);
			path = Views;
			sourceTree = "<group>";
		};
		8AA841F322684AD6009C5948 /* Storyboards */ = {
			isa = PBXGroup;
			children = (
				8ACB32192151CD940082FDA6 /* Main.storyboard */,
				8ACB321E2151CD950082FDA6 /* LaunchScreen.storyboard */,
			);
			path = Storyboards;
			sourceTree = "<group>";
		};
		8AB47403F90809A27B8969F7 /* Pods */ = {
			isa = PBXGroup;
			children = (
				48EFDCB2BCBDE16643EC042F /* Pods-PunchIntent.debug.xcconfig */,
				F26CF95FF25BAB2DAFEB1019 /* Pods-PunchIntent.release.xcconfig */,
				664851CE2B1E50DD2DFB607E /* Pods-PunchIntentUI.debug.xcconfig */,
				42E178DE1C2A4AF7653F1056 /* Pods-PunchIntentUI.release.xcconfig */,
				83F9DDD3092B6ED994E4A263 /* Pods-WebPunch.debug.xcconfig */,
				824687B4ECADED47C288BA9B /* Pods-WebPunch.release.xcconfig */,
			);
			path = Pods;
			sourceTree = "<group>";
		};
		8ACB32092151CD940082FDA6 = {
			isa = PBXGroup;
			children = (
				8ACB32142151CD940082FDA6 /* WebPunch */,
				8ACB3231215212EE0082FDA6 /* PunchIntent */,
				8ACB323C215212EE0082FDA6 /* PunchIntentUI */,
				8ACB32132151CD940082FDA6 /* Products */,
				4B35DC84D0935C2791D89FFF /* Frameworks */,
				8AB47403F90809A27B8969F7 /* Pods */,
			);
			sourceTree = "<group>";
		};
		8ACB32132151CD940082FDA6 /* Products */ = {
			isa = PBXGroup;
			children = (
				8ACB32122151CD940082FDA6 /* WebPunch.app */,
				8ACB3230215212EE0082FDA6 /* PunchIntent.appex */,
				8ACB3239215212EE0082FDA6 /* PunchIntentUI.appex */,
			);
			name = Products;
			sourceTree = "<group>";
		};
		8ACB32142151CD940082FDA6 /* WebPunch */ = {
			isa = PBXGroup;
			children = (
				8ACB321C2151CD950082FDA6 /* Assets.xcassets */,
				8AA841F322684AD6009C5948 /* Storyboards */,
				8AA841EF22684A98009C5948 /* View Controllers */,
				8AA841F122684AC1009C5948 /* Services */,
				8AA841E422681DFA009C5948 /* Models */,
				8AA841F222684AD1009C5948 /* Views */,
				8ACB322B2151DB520082FDA6 /* WebPunch.entitlements */,
				8ACB3250215213040082FDA6 /* Intents.intentdefinition */,
				8ACB32212151CD950082FDA6 /* Info.plist */,
				8ACB32152151CD940082FDA6 /* AppDelegate.swift */,
			);
			path = WebPunch;
			sourceTree = "<group>";
		};
		8ACB3231215212EE0082FDA6 /* PunchIntent */ = {
			isa = PBXGroup;
			children = (
				8ACB3256215219300082FDA6 /* PunchIntent.entitlements */,
				8ACB3232215212EE0082FDA6 /* IntentHandler.swift */,
				8ACB3234215212EE0082FDA6 /* Info.plist */,
			);
			path = PunchIntent;
			sourceTree = "<group>";
		};
		8ACB323C215212EE0082FDA6 /* PunchIntentUI */ = {
			isa = PBXGroup;
			children = (
				8ACB3257215219360082FDA6 /* PunchIntentUI.entitlements */,
				8ACB323D215212EE0082FDA6 /* IntentViewController.swift */,
				8ACB323F215212EE0082FDA6 /* MainInterface.storyboard */,
				8ACB3242215212EE0082FDA6 /* Info.plist */,
			);
			path = PunchIntentUI;
			sourceTree = "<group>";
		};
/* End PBXGroup section */

/* Begin PBXNativeTarget section */
		8ACB32112151CD940082FDA6 /* WebPunch */ = {
			isa = PBXNativeTarget;
			buildConfigurationList = 8ACB32242151CD950082FDA6 /* Build configuration list for PBXNativeTarget "WebPunch" */;
			buildPhases = (
				41965BE8F0598A4EEFCB6B1C /* [CP] Check Pods Manifest.lock */,
				8ACB320E2151CD940082FDA6 /* Sources */,
				8ACB320F2151CD940082FDA6 /* Frameworks */,
				8ACB32102151CD940082FDA6 /* Resources */,
				8ACB324F215212EE0082FDA6 /* Embed App Extensions */,
				741CE46A808FC3510B9B6AAF /* [CP] Embed Pods Frameworks */,
			);
			buildRules = (
			);
			dependencies = (
				8ACB3244215212EE0082FDA6 /* PBXTargetDependency */,
				8ACB3247215212EE0082FDA6 /* PBXTargetDependency */,
			);
			name = WebPunch;
			productName = WebPunch;
			productReference = 8ACB32122151CD940082FDA6 /* WebPunch.app */;
			productType = "com.apple.product-type.application";
		};
		8ACB322F215212EE0082FDA6 /* PunchIntent */ = {
			isa = PBXNativeTarget;
			buildConfigurationList = 8ACB324C215212EE0082FDA6 /* Build configuration list for PBXNativeTarget "PunchIntent" */;
			buildPhases = (
				A629715EA1157A2ED9111A8E /* [CP] Check Pods Manifest.lock */,
				8ACB322C215212EE0082FDA6 /* Sources */,
				8ACB322D215212EE0082FDA6 /* Frameworks */,
				8ACB322E215212EE0082FDA6 /* Resources */,
			);
			buildRules = (
			);
			dependencies = (
			);
			name = PunchIntent;
			productName = PunchIntent;
			productReference = 8ACB3230215212EE0082FDA6 /* PunchIntent.appex */;
			productType = "com.apple.product-type.app-extension";
		};
		8ACB3238215212EE0082FDA6 /* PunchIntentUI */ = {
			isa = PBXNativeTarget;
			buildConfigurationList = 8ACB3249215212EE0082FDA6 /* Build configuration list for PBXNativeTarget "PunchIntentUI" */;
			buildPhases = (
				2D6E2103DCDAE97DF29C4B81 /* [CP] Check Pods Manifest.lock */,
				8ACB3235215212EE0082FDA6 /* Sources */,
				8ACB3236215212EE0082FDA6 /* Frameworks */,
				8ACB3237215212EE0082FDA6 /* Resources */,
			);
			buildRules = (
			);
			dependencies = (
			);
			name = PunchIntentUI;
			productName = PunchIntentUI;
			productReference = 8ACB3239215212EE0082FDA6 /* PunchIntentUI.appex */;
			productType = "com.apple.product-type.app-extension";
		};
/* End PBXNativeTarget section */

/* Begin PBXProject section */
		8ACB320A2151CD940082FDA6 /* Project object */ = {
			isa = PBXProject;
			attributes = {
				LastSwiftUpdateCheck = 1000;
				LastUpgradeCheck = 1000;
				ORGANIZATIONNAME = "Keaton Burleson";
				TargetAttributes = {
					8ACB32112151CD940082FDA6 = {
						CreatedOnToolsVersion = 10.0;
						LastSwiftMigration = 1020;
						SystemCapabilities = {
							com.apple.ApplicationGroups.iOS = {
								enabled = 1;
							};
							com.apple.Push = {
								enabled = 0;
							};
							com.apple.Siri = {
								enabled = 1;
							};
							com.apple.VPNLite = {
								enabled = 1;
							};
							com.apple.iCloud = {
								enabled = 1;
							};
						};
					};
					8ACB322F215212EE0082FDA6 = {
						CreatedOnToolsVersion = 10.0;
						LastSwiftMigration = 1020;
						SystemCapabilities = {
							com.apple.ApplicationGroups.iOS = {
								enabled = 1;
							};
						};
					};
					8ACB3238215212EE0082FDA6 = {
						CreatedOnToolsVersion = 10.0;
						LastSwiftMigration = 1020;
						SystemCapabilities = {
							com.apple.ApplicationGroups.iOS = {
								enabled = 1;
							};
						};
					};
				};
			};
			buildConfigurationList = 8ACB320D2151CD940082FDA6 /* Build configuration list for PBXProject "WebPunch" */;
			compatibilityVersion = "Xcode 9.3";
			developmentRegion = en;
			hasScannedForEncodings = 0;
			knownRegions = (
				en,
				Base,
			);
			mainGroup = 8ACB32092151CD940082FDA6;
			productRefGroup = 8ACB32132151CD940082FDA6 /* Products */;
			projectDirPath = "";
			projectRoot = "";
			targets = (
				8ACB32112151CD940082FDA6 /* WebPunch */,
				8ACB322F215212EE0082FDA6 /* PunchIntent */,
				8ACB3238215212EE0082FDA6 /* PunchIntentUI */,
			);
		};
/* End PBXProject section */

/* Begin PBXResourcesBuildPhase section */
		8ACB32102151CD940082FDA6 /* Resources */ = {
			isa = PBXResourcesBuildPhase;
			buildActionMask = 2147483647;
			files = (
				8ACB32202151CD950082FDA6 /* LaunchScreen.storyboard in Resources */,
				8ACB321D2151CD950082FDA6 /* Assets.xcassets in Resources */,
				8ACB321B2151CD940082FDA6 /* Main.storyboard in Resources */,
			);
			runOnlyForDeploymentPostprocessing = 0;
		};
		8ACB322E215212EE0082FDA6 /* Resources */ = {
			isa = PBXResourcesBuildPhase;
			buildActionMask = 2147483647;
			files = (
			);
			runOnlyForDeploymentPostprocessing = 0;
		};
		8ACB3237215212EE0082FDA6 /* Resources */ = {
			isa = PBXResourcesBuildPhase;
			buildActionMask = 2147483647;
			files = (
				8ACB3241215212EE0082FDA6 /* MainInterface.storyboard in Resources */,
			);
			runOnlyForDeploymentPostprocessing = 0;
		};
/* End PBXResourcesBuildPhase section */

/* Begin PBXShellScriptBuildPhase section */
		2D6E2103DCDAE97DF29C4B81 /* [CP] Check Pods Manifest.lock */ = {
			isa = PBXShellScriptBuildPhase;
			buildActionMask = 2147483647;
			files = (
			);
			inputFileListPaths = (
			);
			inputPaths = (
				"${PODS_PODFILE_DIR_PATH}/Podfile.lock",
				"${PODS_ROOT}/Manifest.lock",
			);
			name = "[CP] Check Pods Manifest.lock";
			outputFileListPaths = (
			);
			outputPaths = (
				"$(DERIVED_FILE_DIR)/Pods-PunchIntentUI-checkManifestLockResult.txt",
			);
			runOnlyForDeploymentPostprocessing = 0;
			shellPath = /bin/sh;
			shellScript = "diff \"${PODS_PODFILE_DIR_PATH}/Podfile.lock\" \"${PODS_ROOT}/Manifest.lock\" > /dev/null\nif [ $? != 0 ] ; then\n    # print error to STDERR\n    echo \"error: The sandbox is not in sync with the Podfile.lock. Run 'pod install' or update your CocoaPods installation.\" >&2\n    exit 1\nfi\n# This output is used by Xcode 'outputs' to avoid re-running this script phase.\necho \"SUCCESS\" > \"${SCRIPT_OUTPUT_FILE_0}\"\n";
			showEnvVarsInLog = 0;
		};
		41965BE8F0598A4EEFCB6B1C /* [CP] Check Pods Manifest.lock */ = {
			isa = PBXShellScriptBuildPhase;
			buildActionMask = 2147483647;
			files = (
			);
			inputFileListPaths = (
			);
			inputPaths = (
				"${PODS_PODFILE_DIR_PATH}/Podfile.lock",
				"${PODS_ROOT}/Manifest.lock",
			);
			name = "[CP] Check Pods Manifest.lock";
			outputFileListPaths = (
			);
			outputPaths = (
				"$(DERIVED_FILE_DIR)/Pods-WebPunch-checkManifestLockResult.txt",
			);
			runOnlyForDeploymentPostprocessing = 0;
			shellPath = /bin/sh;
			shellScript = "diff \"${PODS_PODFILE_DIR_PATH}/Podfile.lock\" \"${PODS_ROOT}/Manifest.lock\" > /dev/null\nif [ $? != 0 ] ; then\n    # print error to STDERR\n    echo \"error: The sandbox is not in sync with the Podfile.lock. Run 'pod install' or update your CocoaPods installation.\" >&2\n    exit 1\nfi\n# This output is used by Xcode 'outputs' to avoid re-running this script phase.\necho \"SUCCESS\" > \"${SCRIPT_OUTPUT_FILE_0}\"\n";
			showEnvVarsInLog = 0;
		};
		741CE46A808FC3510B9B6AAF /* [CP] Embed Pods Frameworks */ = {
			isa = PBXShellScriptBuildPhase;
			buildActionMask = 2147483647;
			files = (
			);
			inputFileListPaths = (
				"${PODS_ROOT}/Target Support Files/Pods-WebPunch/Pods-WebPunch-frameworks-${CONFIGURATION}-input-files.xcfilelist",
			);
			name = "[CP] Embed Pods Frameworks";
			outputFileListPaths = (
				"${PODS_ROOT}/Target Support Files/Pods-WebPunch/Pods-WebPunch-frameworks-${CONFIGURATION}-output-files.xcfilelist",
			);
			runOnlyForDeploymentPostprocessing = 0;
			shellPath = /bin/sh;
			shellScript = "\"${PODS_ROOT}/Target Support Files/Pods-WebPunch/Pods-WebPunch-frameworks.sh\"\n";
			showEnvVarsInLog = 0;
		};
		A629715EA1157A2ED9111A8E /* [CP] Check Pods Manifest.lock */ = {
			isa = PBXShellScriptBuildPhase;
			buildActionMask = 2147483647;
			files = (
			);
			inputFileListPaths = (
			);
			inputPaths = (
				"${PODS_PODFILE_DIR_PATH}/Podfile.lock",
				"${PODS_ROOT}/Manifest.lock",
			);
			name = "[CP] Check Pods Manifest.lock";
			outputFileListPaths = (
			);
			outputPaths = (
				"$(DERIVED_FILE_DIR)/Pods-PunchIntent-checkManifestLockResult.txt",
			);
			runOnlyForDeploymentPostprocessing = 0;
			shellPath = /bin/sh;
			shellScript = "diff \"${PODS_PODFILE_DIR_PATH}/Podfile.lock\" \"${PODS_ROOT}/Manifest.lock\" > /dev/null\nif [ $? != 0 ] ; then\n    # print error to STDERR\n    echo \"error: The sandbox is not in sync with the Podfile.lock. Run 'pod install' or update your CocoaPods installation.\" >&2\n    exit 1\nfi\n# This output is used by Xcode 'outputs' to avoid re-running this script phase.\necho \"SUCCESS\" > \"${SCRIPT_OUTPUT_FILE_0}\"\n";
			showEnvVarsInLog = 0;
		};
/* End PBXShellScriptBuildPhase section */

/* Begin PBXSourcesBuildPhase section */
		8ACB320E2151CD940082FDA6 /* Sources */ = {
			isa = PBXSourcesBuildPhase;
			buildActionMask = 2147483647;
			files = (
				8AA841DD2268195B009C5948 /* Punch.swift in Sources */,
				8AA841E122681ADE009C5948 /* PunchModel.swift in Sources */,
				8ACB322A2151DAC80082FDA6 /* SettingsController.swift in Sources */,
				8AA841E6226827D6009C5948 /* PunchCell.swift in Sources */,
				8ACB32182151CD940082FDA6 /* ViewController.swift in Sources */,
				8ACB32162151CD940082FDA6 /* AppDelegate.swift in Sources */,
				8ACB3251215213040082FDA6 /* Intents.intentdefinition in Sources */,
				8AA841E322681BB6009C5948 /* PunchType.swift in Sources */,
				8AA841D922681638009C5948 /* PunchHistoryViewController.swift in Sources */,
				8AA841E822682E57009C5948 /* Week.swift in Sources */,
				8AA841D7226805B4009C5948 /* KeychainService.swift in Sources */,
				8AA841D522680426009C5948 /* VPN.swift in Sources */,
				8AA841DF22681AA7009C5948 /* UserInfo.swift in Sources */,
				8ACB32282151D04A0082FDA6 /* PunchInterface.swift in Sources */,
			);
			runOnlyForDeploymentPostprocessing = 0;
		};
		8ACB322C215212EE0082FDA6 /* Sources */ = {
			isa = PBXSourcesBuildPhase;
			buildActionMask = 2147483647;
			files = (
				8ACB3252215213040082FDA6 /* Intents.intentdefinition in Sources */,
				8ACB3233215212EE0082FDA6 /* IntentHandler.swift in Sources */,
			);
			runOnlyForDeploymentPostprocessing = 0;
		};
		8ACB3235215212EE0082FDA6 /* Sources */ = {
			isa = PBXSourcesBuildPhase;
			buildActionMask = 2147483647;
			files = (
				8ACB3253215213040082FDA6 /* Intents.intentdefinition in Sources */,
				8ACB323E215212EE0082FDA6 /* IntentViewController.swift in Sources */,
			);
			runOnlyForDeploymentPostprocessing = 0;
		};
/* End PBXSourcesBuildPhase section */

/* Begin PBXTargetDependency section */
		8ACB3244215212EE0082FDA6 /* PBXTargetDependency */ = {
			isa = PBXTargetDependency;
			target = 8ACB3238215212EE0082FDA6 /* PunchIntentUI */;
			targetProxy = 8ACB3243215212EE0082FDA6 /* PBXContainerItemProxy */;
		};
		8ACB3247215212EE0082FDA6 /* PBXTargetDependency */ = {
			isa = PBXTargetDependency;
			target = 8ACB322F215212EE0082FDA6 /* PunchIntent */;
			targetProxy = 8ACB3246215212EE0082FDA6 /* PBXContainerItemProxy */;
		};
/* End PBXTargetDependency section */

/* Begin PBXVariantGroup section */
		8ACB32192151CD940082FDA6 /* Main.storyboard */ = {
			isa = PBXVariantGroup;
			children = (
				8ACB321A2151CD940082FDA6 /* Base */,
			);
			name = Main.storyboard;
			sourceTree = "<group>";
		};
		8ACB321E2151CD950082FDA6 /* LaunchScreen.storyboard */ = {
			isa = PBXVariantGroup;
			children = (
				8ACB321F2151CD950082FDA6 /* Base */,
			);
			name = LaunchScreen.storyboard;
			sourceTree = "<group>";
		};
		8ACB323F215212EE0082FDA6 /* MainInterface.storyboard */ = {
			isa = PBXVariantGroup;
			children = (
				8ACB3240215212EE0082FDA6 /* Base */,
			);
			name = MainInterface.storyboard;
			sourceTree = "<group>";
		};
/* End PBXVariantGroup section */

/* Begin XCBuildConfiguration section */
		8ACB32222151CD950082FDA6 /* Debug */ = {
			isa = XCBuildConfiguration;
			buildSettings = {
				ALWAYS_SEARCH_USER_PATHS = NO;
				CLANG_ANALYZER_NONNULL = YES;
				CLANG_ANALYZER_NUMBER_OBJECT_CONVERSION = YES_AGGRESSIVE;
				CLANG_CXX_LANGUAGE_STANDARD = "gnu++14";
				CLANG_CXX_LIBRARY = "libc++";
				CLANG_ENABLE_MODULES = YES;
				CLANG_ENABLE_OBJC_ARC = YES;
				CLANG_ENABLE_OBJC_WEAK = YES;
				CLANG_WARN_BLOCK_CAPTURE_AUTORELEASING = YES;
				CLANG_WARN_BOOL_CONVERSION = YES;
				CLANG_WARN_COMMA = YES;
				CLANG_WARN_CONSTANT_CONVERSION = YES;
				CLANG_WARN_DEPRECATED_OBJC_IMPLEMENTATIONS = YES;
				CLANG_WARN_DIRECT_OBJC_ISA_USAGE = YES_ERROR;
				CLANG_WARN_DOCUMENTATION_COMMENTS = YES;
				CLANG_WARN_EMPTY_BODY = YES;
				CLANG_WARN_ENUM_CONVERSION = YES;
				CLANG_WARN_INFINITE_RECURSION = YES;
				CLANG_WARN_INT_CONVERSION = YES;
				CLANG_WARN_NON_LITERAL_NULL_CONVERSION = YES;
				CLANG_WARN_OBJC_IMPLICIT_RETAIN_SELF = YES;
				CLANG_WARN_OBJC_LITERAL_CONVERSION = YES;
				CLANG_WARN_OBJC_ROOT_CLASS = YES_ERROR;
				CLANG_WARN_RANGE_LOOP_ANALYSIS = YES;
				CLANG_WARN_STRICT_PROTOTYPES = YES;
				CLANG_WARN_SUSPICIOUS_MOVE = YES;
				CLANG_WARN_UNGUARDED_AVAILABILITY = YES_AGGRESSIVE;
				CLANG_WARN_UNREACHABLE_CODE = YES;
				CLANG_WARN__DUPLICATE_METHOD_MATCH = YES;
				CODE_SIGN_IDENTITY = "iPhone Developer";
				COPY_PHASE_STRIP = NO;
				DEBUG_INFORMATION_FORMAT = dwarf;
				ENABLE_STRICT_OBJC_MSGSEND = YES;
				ENABLE_TESTABILITY = YES;
				GCC_C_LANGUAGE_STANDARD = gnu11;
				GCC_DYNAMIC_NO_PIC = NO;
				GCC_NO_COMMON_BLOCKS = YES;
				GCC_OPTIMIZATION_LEVEL = 0;
				GCC_PREPROCESSOR_DEFINITIONS = (
					"DEBUG=1",
					"$(inherited)",
				);
				GCC_WARN_64_TO_32_BIT_CONVERSION = YES;
				GCC_WARN_ABOUT_RETURN_TYPE = YES_ERROR;
				GCC_WARN_UNDECLARED_SELECTOR = YES;
				GCC_WARN_UNINITIALIZED_AUTOS = YES_AGGRESSIVE;
				GCC_WARN_UNUSED_FUNCTION = YES;
				GCC_WARN_UNUSED_VARIABLE = YES;
				IPHONEOS_DEPLOYMENT_TARGET = 12.0;
				MTL_ENABLE_DEBUG_INFO = INCLUDE_SOURCE;
				MTL_FAST_MATH = YES;
				ONLY_ACTIVE_ARCH = YES;
				SDKROOT = iphoneos;
				SWIFT_ACTIVE_COMPILATION_CONDITIONS = DEBUG;
				SWIFT_OPTIMIZATION_LEVEL = "-Onone";
			};
			name = Debug;
		};
		8ACB32232151CD950082FDA6 /* Release */ = {
			isa = XCBuildConfiguration;
			buildSettings = {
				ALWAYS_SEARCH_USER_PATHS = NO;
				CLANG_ANALYZER_NONNULL = YES;
				CLANG_ANALYZER_NUMBER_OBJECT_CONVERSION = YES_AGGRESSIVE;
				CLANG_CXX_LANGUAGE_STANDARD = "gnu++14";
				CLANG_CXX_LIBRARY = "libc++";
				CLANG_ENABLE_MODULES = YES;
				CLANG_ENABLE_OBJC_ARC = YES;
				CLANG_ENABLE_OBJC_WEAK = YES;
				CLANG_WARN_BLOCK_CAPTURE_AUTORELEASING = YES;
				CLANG_WARN_BOOL_CONVERSION = YES;
				CLANG_WARN_COMMA = YES;
				CLANG_WARN_CONSTANT_CONVERSION = YES;
				CLANG_WARN_DEPRECATED_OBJC_IMPLEMENTATIONS = YES;
				CLANG_WARN_DIRECT_OBJC_ISA_USAGE = YES_ERROR;
				CLANG_WARN_DOCUMENTATION_COMMENTS = YES;
				CLANG_WARN_EMPTY_BODY = YES;
				CLANG_WARN_ENUM_CONVERSION = YES;
				CLANG_WARN_INFINITE_RECURSION = YES;
				CLANG_WARN_INT_CONVERSION = YES;
				CLANG_WARN_NON_LITERAL_NULL_CONVERSION = YES;
				CLANG_WARN_OBJC_IMPLICIT_RETAIN_SELF = YES;
				CLANG_WARN_OBJC_LITERAL_CONVERSION = YES;
				CLANG_WARN_OBJC_ROOT_CLASS = YES_ERROR;
				CLANG_WARN_RANGE_LOOP_ANALYSIS = YES;
				CLANG_WARN_STRICT_PROTOTYPES = YES;
				CLANG_WARN_SUSPICIOUS_MOVE = YES;
				CLANG_WARN_UNGUARDED_AVAILABILITY = YES_AGGRESSIVE;
				CLANG_WARN_UNREACHABLE_CODE = YES;
				CLANG_WARN__DUPLICATE_METHOD_MATCH = YES;
				CODE_SIGN_IDENTITY = "iPhone Developer";
				COPY_PHASE_STRIP = NO;
				DEBUG_INFORMATION_FORMAT = "dwarf-with-dsym";
				ENABLE_NS_ASSERTIONS = NO;
				ENABLE_STRICT_OBJC_MSGSEND = YES;
				GCC_C_LANGUAGE_STANDARD = gnu11;
				GCC_NO_COMMON_BLOCKS = YES;
				GCC_WARN_64_TO_32_BIT_CONVERSION = YES;
				GCC_WARN_ABOUT_RETURN_TYPE = YES_ERROR;
				GCC_WARN_UNDECLARED_SELECTOR = YES;
				GCC_WARN_UNINITIALIZED_AUTOS = YES_AGGRESSIVE;
				GCC_WARN_UNUSED_FUNCTION = YES;
				GCC_WARN_UNUSED_VARIABLE = YES;
				IPHONEOS_DEPLOYMENT_TARGET = 12.0;
				MTL_ENABLE_DEBUG_INFO = NO;
				MTL_FAST_MATH = YES;
				SDKROOT = iphoneos;
				SWIFT_COMPILATION_MODE = wholemodule;
				SWIFT_OPTIMIZATION_LEVEL = "-O";
				VALIDATE_PRODUCT = YES;
			};
			name = Release;
		};
		8ACB32252151CD950082FDA6 /* Debug */ = {
			isa = XCBuildConfiguration;
			baseConfigurationReference = 83F9DDD3092B6ED994E4A263 /* Pods-WebPunch.debug.xcconfig */;
			buildSettings = {
				ALWAYS_EMBED_SWIFT_STANDARD_LIBRARIES = "$(inherited)";
				ASSETCATALOG_COMPILER_APPICON_NAME = AppIcon;
				CODE_SIGN_ENTITLEMENTS = WebPunch/WebPunch.entitlements;
				CODE_SIGN_STYLE = Automatic;
				DEVELOPMENT_TEAM = JMQ9Y3A8K6;
				INFOPLIST_FILE = WebPunch/Info.plist;
				LD_RUNPATH_SEARCH_PATHS = (
					"$(inherited)",
					"@executable_path/Frameworks",
				);
				PRODUCT_BUNDLE_IDENTIFIER = com.keatonburleson.WebPunch;
				PRODUCT_NAME = "$(TARGET_NAME)";
				SWIFT_VERSION = 5.0;
				TARGETED_DEVICE_FAMILY = "1,2";
			};
			name = Debug;
		};
		8ACB32262151CD950082FDA6 /* Release */ = {
			isa = XCBuildConfiguration;
			baseConfigurationReference = 824687B4ECADED47C288BA9B /* Pods-WebPunch.release.xcconfig */;
			buildSettings = {
				ALWAYS_EMBED_SWIFT_STANDARD_LIBRARIES = "$(inherited)";
				ASSETCATALOG_COMPILER_APPICON_NAME = AppIcon;
				CODE_SIGN_ENTITLEMENTS = WebPunch/WebPunch.entitlements;
				CODE_SIGN_STYLE = Automatic;
				DEVELOPMENT_TEAM = JMQ9Y3A8K6;
				INFOPLIST_FILE = WebPunch/Info.plist;
				LD_RUNPATH_SEARCH_PATHS = (
					"$(inherited)",
					"@executable_path/Frameworks",
				);
				PRODUCT_BUNDLE_IDENTIFIER = com.keatonburleson.WebPunch;
				PRODUCT_NAME = "$(TARGET_NAME)";
				SWIFT_VERSION = 5.0;
				TARGETED_DEVICE_FAMILY = "1,2";
			};
			name = Release;
		};
		8ACB324A215212EE0082FDA6 /* Debug */ = {
			isa = XCBuildConfiguration;
			baseConfigurationReference = 664851CE2B1E50DD2DFB607E /* Pods-PunchIntentUI.debug.xcconfig */;
			buildSettings = {
				CODE_SIGN_ENTITLEMENTS = PunchIntentUI/PunchIntentUI.entitlements;
				CODE_SIGN_STYLE = Automatic;
				DEVELOPMENT_TEAM = JMQ9Y3A8K6;
				INFOPLIST_FILE = PunchIntentUI/Info.plist;
				LD_RUNPATH_SEARCH_PATHS = (
					"$(inherited)",
					"@executable_path/Frameworks",
					"@executable_path/../../Frameworks",
				);
				PRODUCT_BUNDLE_IDENTIFIER = com.keatonburleson.WebPunch.PunchIntentUI;
				PRODUCT_NAME = "$(TARGET_NAME)";
				SKIP_INSTALL = YES;
				SWIFT_VERSION = 5.0;
				TARGETED_DEVICE_FAMILY = "1,2";
			};
			name = Debug;
		};
		8ACB324B215212EE0082FDA6 /* Release */ = {
			isa = XCBuildConfiguration;
			baseConfigurationReference = 42E178DE1C2A4AF7653F1056 /* Pods-PunchIntentUI.release.xcconfig */;
			buildSettings = {
				CODE_SIGN_ENTITLEMENTS = PunchIntentUI/PunchIntentUI.entitlements;
				CODE_SIGN_STYLE = Automatic;
				DEVELOPMENT_TEAM = JMQ9Y3A8K6;
				INFOPLIST_FILE = PunchIntentUI/Info.plist;
				LD_RUNPATH_SEARCH_PATHS = (
					"$(inherited)",
					"@executable_path/Frameworks",
					"@executable_path/../../Frameworks",
				);
				PRODUCT_BUNDLE_IDENTIFIER = com.keatonburleson.WebPunch.PunchIntentUI;
				PRODUCT_NAME = "$(TARGET_NAME)";
				SKIP_INSTALL = YES;
				SWIFT_VERSION = 5.0;
				TARGETED_DEVICE_FAMILY = "1,2";
			};
			name = Release;
		};
		8ACB324D215212EE0082FDA6 /* Debug */ = {
			isa = XCBuildConfiguration;
			baseConfigurationReference = 48EFDCB2BCBDE16643EC042F /* Pods-PunchIntent.debug.xcconfig */;
			buildSettings = {
				CODE_SIGN_ENTITLEMENTS = PunchIntent/PunchIntent.entitlements;
				CODE_SIGN_STYLE = Automatic;
				DEVELOPMENT_TEAM = JMQ9Y3A8K6;
				INFOPLIST_FILE = PunchIntent/Info.plist;
				LD_RUNPATH_SEARCH_PATHS = (
					"$(inherited)",
					"@executable_path/Frameworks",
					"@executable_path/../../Frameworks",
				);
				PRODUCT_BUNDLE_IDENTIFIER = com.keatonburleson.WebPunch.PunchIntent;
				PRODUCT_NAME = "$(TARGET_NAME)";
				SKIP_INSTALL = YES;
				SWIFT_VERSION = 5.0;
				TARGETED_DEVICE_FAMILY = "1,2";
			};
			name = Debug;
		};
		8ACB324E215212EE0082FDA6 /* Release */ = {
			isa = XCBuildConfiguration;
			baseConfigurationReference = F26CF95FF25BAB2DAFEB1019 /* Pods-PunchIntent.release.xcconfig */;
			buildSettings = {
				CODE_SIGN_ENTITLEMENTS = PunchIntent/PunchIntent.entitlements;
				CODE_SIGN_STYLE = Automatic;
				DEVELOPMENT_TEAM = JMQ9Y3A8K6;
				INFOPLIST_FILE = PunchIntent/Info.plist;
				LD_RUNPATH_SEARCH_PATHS = (
					"$(inherited)",
					"@executable_path/Frameworks",
					"@executable_path/../../Frameworks",
				);
				PRODUCT_BUNDLE_IDENTIFIER = com.keatonburleson.WebPunch.PunchIntent;
				PRODUCT_NAME = "$(TARGET_NAME)";
				SKIP_INSTALL = YES;
				SWIFT_VERSION = 5.0;
				TARGETED_DEVICE_FAMILY = "1,2";
			};
			name = Release;
		};
/* End XCBuildConfiguration section */

/* Begin XCConfigurationList section */
		8ACB320D2151CD940082FDA6 /* Build configuration list for PBXProject "WebPunch" */ = {
			isa = XCConfigurationList;
			buildConfigurations = (
				8ACB32222151CD950082FDA6 /* Debug */,
				8ACB32232151CD950082FDA6 /* Release */,
			);
			defaultConfigurationIsVisible = 0;
			defaultConfigurationName = Release;
		};
		8ACB32242151CD950082FDA6 /* Build configuration list for PBXNativeTarget "WebPunch" */ = {
			isa = XCConfigurationList;
			buildConfigurations = (
				8ACB32252151CD950082FDA6 /* Debug */,
				8ACB32262151CD950082FDA6 /* Release */,
			);
			defaultConfigurationIsVisible = 0;
			defaultConfigurationName = Release;
		};
		8ACB3249215212EE0082FDA6 /* Build configuration list for PBXNativeTarget "PunchIntentUI" */ = {
			isa = XCConfigurationList;
			buildConfigurations = (
				8ACB324A215212EE0082FDA6 /* Debug */,
				8ACB324B215212EE0082FDA6 /* Release */,
			);
			defaultConfigurationIsVisible = 0;
			defaultConfigurationName = Release;
		};
		8ACB324C215212EE0082FDA6 /* Build configuration list for PBXNativeTarget "PunchIntent" */ = {
			isa = XCConfigurationList;
			buildConfigurations = (
				8ACB324D215212EE0082FDA6 /* Debug */,
				8ACB324E215212EE0082FDA6 /* Release */,
			);
			defaultConfigurationIsVisible = 0;
			defaultConfigurationName = Release;
		};
/* End XCConfigurationList section */
	};
	rootObject = 8ACB320A2151CD940082FDA6 /* Project object */;
}
